
Microsoft Visual Studio Solution File, Format Version 12.00
# Visual Studio Version 16
VisualStudioVersion = 16.0.31005.135
MinimumVisualStudioVersion = 10.0.40219.1
Project("{FAE04EC0-301F-11D3-BF4B-00C04F79EFBC}") = "ConsoleTester", "ConsoleTester\ConsoleTester.csproj", "{2396ECD0-518E-4B0D-8179-E09E85E39AB0}"
EndProject
Project("{FAE04EC0-301F-11D3-BF4B-00C04F79EFBC}") = "EntityMapper", "EntityMapper\EntityMapper.csproj", "{65E095C1-5513-4E51-8274-40BF4166DB61}"
EndProject
Global
	GlobalSection(SolutionConfigurationPlatforms) = preSolution
		Debug|Any CPU = Debug|Any CPU
		Release|Any CPU = Release|Any CPU
	EndGlobalSection
	GlobalSection(ProjectConfigurationPlatforms) = postSolution
		{2396ECD0-518E-4B0D-8179-E09E85E39AB0}.Debug|Any CPU.ActiveCfg = Debug|Any CPU
		{2396ECD0-518E-4B0D-8179-E09E85E39AB0}.Debug|Any CPU.Build.0 = Debug|Any CPU
		{2396ECD0-518E-4B0D-8179-E09E85E39AB0}.Release|Any CPU.ActiveCfg = Release|Any CPU
		{2396ECD0-518E-4B0D-8179-E09E85E39AB0}.Release|Any CPU.Build.0 = Release|Any CPU
		{65E095C1-5513-4E51-8274-40BF4166DB61}.Debug|Any CPU.ActiveCfg = Debug|Any CPU
		{65E095C1-5513-4E51-8274-40BF4166DB61}.Debug|Any CPU.Build.0 = Debug|Any CPU
		{65E095C1-5513-4E51-8274-40BF4166DB61}.Release|Any CPU.ActiveCfg = Release|Any CPU
		{65E095C1-5513-4E51-8274-40BF4166DB61}.Release|Any CPU.Build.0 = Release|Any CPU
	EndGlobalSection
	GlobalSection(SolutionProperties) = preSolution
		HideSolutionNode = FALSE
	EndGlobalSection
	GlobalSection(ExtensibilityGlobals) = postSolution
		SolutionGuid = {BFD26369-F81E-4CF9-BF7F-AF522DA787ED}
	EndGlobalSection
EndGlobal
